
Microsoft Visual Studio Solution File, Format Version 12.00
# Visual Studio Version 17
VisualStudioVersion = 17.0.31903.59
MinimumVisualStudioVersion = 10.0.40219.1
Project("{2150E333-8FDC-42A3-9474-1A3956D46DE8}") = "src", "src", "{827E0CD3-B72D-47B6-A68D-7590B98EB39B}"
EndProject
Project("{2150E333-8FDC-42A3-9474-1A3956D46DE8}") = "Domain", "Domain", "{8B290487-4C16-E85E-E807-F579CBE9FC4D}"
EndProject
Project("{FAE04EC0-301F-11D3-BF4B-00C04F79EFBC}") = "Vendo.Identity.Domain", "src\Domain\Vendo.Identity.Domain.csproj", "{98EE6D82-9CD5-428A-B611-AD6378A920BF}"
EndProject
Project("{2150E333-8FDC-42A3-9474-1A3956D46DE8}") = "Application", "Application", "{22BAF98C-8415-17C4-B26A-D537657BC863}"
EndProject
Project("{FAE04EC0-301F-11D3-BF4B-00C04F79EFBC}") = "Vendo.Identity.Application", "src\Application\Vendo.Identity.Application.csproj", "{021A0667-5F5C-4A66-B5E4-E7622D36FBE8}"
EndProject
Project("{2150E333-8FDC-42A3-9474-1A3956D46DE8}") = "Infrastructure", "Infrastructure", "{9048EB7F-3875-A59E-E36B-5BD4C6F2A282}"
EndProject
Project("{FAE04EC0-301F-11D3-BF4B-00C04F79EFBC}") = "Vendo.Identity.Infrastructure", "src\Infrastructure\Vendo.Identity.Infrastructure.csproj", "{36C0B314-45E6-4B6B-9F39-12A3EB06BA21}"
EndProject
Project("{2150E333-8FDC-42A3-9474-1A3956D46DE8}") = "Api", "Api", "{81034408-37C8-1011-444E-4C15C2FADA8E}"
EndProject
Project("{FAE04EC0-301F-11D3-BF4B-00C04F79EFBC}") = "Vendo.Identity.Api", "src\Api\Vendo.Identity.Api.csproj", "{86C3012A-52DD-4B41-8D10-4F235EEF1947}"
EndProject
Global
	GlobalSection(SolutionConfigurationPlatforms) = preSolution
		Debug|Any CPU = Debug|Any CPU
		Debug|x64 = Debug|x64
		Debug|x86 = Debug|x86
		Release|Any CPU = Release|Any CPU
		Release|x64 = Release|x64
		Release|x86 = Release|x86
	EndGlobalSection
	GlobalSection(ProjectConfigurationPlatforms) = postSolution
		{98EE6D82-9CD5-428A-B611-AD6378A920BF}.Debug|Any CPU.ActiveCfg = Debug|Any CPU
		{98EE6D82-9CD5-428A-B611-AD6378A920BF}.Debug|Any CPU.Build.0 = Debug|Any CPU
		{98EE6D82-9CD5-428A-B611-AD6378A920BF}.Debug|x64.ActiveCfg = Debug|Any CPU
		{98EE6D82-9CD5-428A-B611-AD6378A920BF}.Debug|x64.Build.0 = Debug|Any CPU
		{98EE6D82-9CD5-428A-B611-AD6378A920BF}.Debug|x86.ActiveCfg = Debug|Any CPU
		{98EE6D82-9CD5-428A-B611-AD6378A920BF}.Debug|x86.Build.0 = Debug|Any CPU
		{98EE6D82-9CD5-428A-B611-AD6378A920BF}.Release|Any CPU.ActiveCfg = Release|Any CPU
		{98EE6D82-9CD5-428A-B611-AD6378A920BF}.Release|Any CPU.Build.0 = Release|Any CPU
		{98EE6D82-9CD5-428A-B611-AD6378A920BF}.Release|x64.ActiveCfg = Release|Any CPU
		{98EE6D82-9CD5-428A-B611-AD6378A920BF}.Release|x64.Build.0 = Release|Any CPU
		{98EE6D82-9CD5-428A-B611-AD6378A920BF}.Release|x86.ActiveCfg = Release|Any CPU
		{98EE6D82-9CD5-428A-B611-AD6378A920BF}.Release|x86.Build.0 = Release|Any CPU
		{021A0667-5F5C-4A66-B5E4-E7622D36FBE8}.Debug|Any CPU.ActiveCfg = Debug|Any CPU
		{021A0667-5F5C-4A66-B5E4-E7622D36FBE8}.Debug|Any CPU.Build.0 = Debug|Any CPU
		{021A0667-5F5C-4A66-B5E4-E7622D36FBE8}.Debug|x64.ActiveCfg = Debug|Any CPU
		{021A0667-5F5C-4A66-B5E4-E7622D36FBE8}.Debug|x64.Build.0 = Debug|Any CPU
		{021A0667-5F5C-4A66-B5E4-E7622D36FBE8}.Debug|x86.ActiveCfg = Debug|Any CPU
		{021A0667-5F5C-4A66-B5E4-E7622D36FBE8}.Debug|x86.Build.0 = Debug|Any CPU
		{021A0667-5F5C-4A66-B5E4-E7622D36FBE8}.Release|Any CPU.ActiveCfg = Release|Any CPU
		{021A0667-5F5C-4A66-B5E4-E7622D36FBE8}.Release|Any CPU.Build.0 = Release|Any CPU
		{021A0667-5F5C-4A66-B5E4-E7622D36FBE8}.Release|x64.ActiveCfg = Release|Any CPU
		{021A0667-5F5C-4A66-B5E4-E7622D36FBE8}.Release|x64.Build.0 = Release|Any CPU
		{021A0667-5F5C-4A66-B5E4-E7622D36FBE8}.Release|x86.ActiveCfg = Release|Any CPU
		{021A0667-5F5C-4A66-B5E4-E7622D36FBE8}.Release|x86.Build.0 = Release|Any CPU
		{36C0B314-45E6-4B6B-9F39-12A3EB06BA21}.Debug|Any CPU.ActiveCfg = Debug|Any CPU
		{36C0B314-45E6-4B6B-9F39-12A3EB06BA21}.Debug|Any CPU.Build.0 = Debug|Any CPU
		{36C0B314-45E6-4B6B-9F39-12A3EB06BA21}.Debug|x64.ActiveCfg = Debug|Any CPU
		{36C0B314-45E6-4B6B-9F39-12A3EB06BA21}.Debug|x64.Build.0 = Debug|Any CPU
		{36C0B314-45E6-4B6B-9F39-12A3EB06BA21}.Debug|x86.ActiveCfg = Debug|Any CPU
		{36C0B314-45E6-4B6B-9F39-12A3EB06BA21}.Debug|x86.Build.0 = Debug|Any CPU
		{36C0B314-45E6-4B6B-9F39-12A3EB06BA21}.Release|Any CPU.ActiveCfg = Release|Any CPU
		{36C0B314-45E6-4B6B-9F39-12A3EB06BA21}.Release|Any CPU.Build.0 = Release|Any CPU
		{36C0B314-45E6-4B6B-9F39-12A3EB06BA21}.Release|x64.ActiveCfg = Release|Any CPU
		{36C0B314-45E6-4B6B-9F39-12A3EB06BA21}.Release|x64.Build.0 = Release|Any CPU
		{36C0B314-45E6-4B6B-9F39-12A3EB06BA21}.Release|x86.ActiveCfg = Release|Any CPU
		{36C0B314-45E6-4B6B-9F39-12A3EB06BA21}.Release|x86.Build.0 = Release|Any CPU
		{86C3012A-52DD-4B41-8D10-4F235EEF1947}.Debug|Any CPU.ActiveCfg = Debug|Any CPU
		{86C3012A-52DD-4B41-8D10-4F235EEF1947}.Debug|Any CPU.Build.0 = Debug|Any CPU
		{86C3012A-52DD-4B41-8D10-4F235EEF1947}.Debug|x64.ActiveCfg = Debug|Any CPU
		{86C3012A-52DD-4B41-8D10-4F235EEF1947}.Debug|x64.Build.0 = Debug|Any CPU
		{86C3012A-52DD-4B41-8D10-4F235EEF1947}.Debug|x86.ActiveCfg = Debug|Any CPU
		{86C3012A-52DD-4B41-8D10-4F235EEF1947}.Debug|x86.Build.0 = Debug|Any CPU
		{86C3012A-52DD-4B41-8D10-4F235EEF1947}.Release|Any CPU.ActiveCfg = Release|Any CPU
		{86C3012A-52DD-4B41-8D10-4F235EEF1947}.Release|Any CPU.Build.0 = Release|Any CPU
		{86C3012A-52DD-4B41-8D10-4F235EEF1947}.Release|x64.ActiveCfg = Release|Any CPU
		{86C3012A-52DD-4B41-8D10-4F235EEF1947}.Release|x64.Build.0 = Release|Any CPU
		{86C3012A-52DD-4B41-8D10-4F235EEF1947}.Release|x86.ActiveCfg = Release|Any CPU
		{86C3012A-52DD-4B41-8D10-4F235EEF1947}.Release|x86.Build.0 = Release|Any CPU
	EndGlobalSection
	GlobalSection(SolutionProperties) = preSolution
		HideSolutionNode = FALSE
	EndGlobalSection
	GlobalSection(NestedProjects) = preSolution
		{8B290487-4C16-E85E-E807-F579CBE9FC4D} = {827E0CD3-B72D-47B6-A68D-7590B98EB39B}
		{98EE6D82-9CD5-428A-B611-AD6378A920BF} = {8B290487-4C16-E85E-E807-F579CBE9FC4D}
		{22BAF98C-8415-17C4-B26A-D537657BC863} = {827E0CD3-B72D-47B6-A68D-7590B98EB39B}
		{021A0667-5F5C-4A66-B5E4-E7622D36FBE8} = {22BAF98C-8415-17C4-B26A-D537657BC863}
		{9048EB7F-3875-A59E-E36B-5BD4C6F2A282} = {827E0CD3-B72D-47B6-A68D-7590B98EB39B}
		{36C0B314-45E6-4B6B-9F39-12A3EB06BA21} = {9048EB7F-3875-A59E-E36B-5BD4C6F2A282}
		{81034408-37C8-1011-444E-4C15C2FADA8E} = {827E0CD3-B72D-47B6-A68D-7590B98EB39B}
		{86C3012A-52DD-4B41-8D10-4F235EEF1947} = {81034408-37C8-1011-444E-4C15C2FADA8E}
	EndGlobalSection
EndGlobal
