
Microsoft Visual Studio Solution File, Format Version 12.00
# Visual Studio Version 17
VisualStudioVersion = 17.0.31903.59
MinimumVisualStudioVersion = 10.0.40219.1
Project("{2150E333-8FDC-42A3-9474-1A3956D46DE8}") = "src", "src", "{827E0CD3-B72D-47B6-A68D-7590B98EB39B}"
EndProject
Project("{2150E333-8FDC-42A3-9474-1A3956D46DE8}") = "Domain", "Domain", "{8B290487-4C16-E85E-E807-F579CBE9FC4D}"
EndProject
Project("{FAE04EC0-301F-11D3-BF4B-00C04F79EFBC}") = "Vendo.Catalog.Domain", "src\Domain\Vendo.Catalog.Domain.csproj", "{A91CE61C-DD70-4B10-8AC9-8C76872B5C76}"
EndProject
Project("{2150E333-8FDC-42A3-9474-1A3956D46DE8}") = "Application", "Application", "{22BAF98C-8415-17C4-B26A-D537657BC863}"
EndProject
Project("{FAE04EC0-301F-11D3-BF4B-00C04F79EFBC}") = "Vendo.Catalog.Application", "src\Application\Vendo.Catalog.Application.csproj", "{45C7B31B-16DE-4F0F-8863-78E78058237E}"
EndProject
Project("{2150E333-8FDC-42A3-9474-1A3956D46DE8}") = "Infrastructure", "Infrastructure", "{9048EB7F-3875-A59E-E36B-5BD4C6F2A282}"
EndProject
Project("{FAE04EC0-301F-11D3-BF4B-00C04F79EFBC}") = "Vendo.Catalog.Infrastructure", "src\Infrastructure\Vendo.Catalog.Infrastructure.csproj", "{E10BF358-FFA7-4D5B-B92E-7D9C6937032A}"
EndProject
Project("{2150E333-8FDC-42A3-9474-1A3956D46DE8}") = "Api", "Api", "{81034408-37C8-1011-444E-4C15C2FADA8E}"
EndProject
Project("{FAE04EC0-301F-11D3-BF4B-00C04F79EFBC}") = "Vendo.Catalog.Api", "src\Api\Vendo.Catalog.Api.csproj", "{37729339-1DC6-48B8-B901-0A99F25F7634}"
EndProject
Global
	GlobalSection(SolutionConfigurationPlatforms) = preSolution
		Debug|Any CPU = Debug|Any CPU
		Debug|x64 = Debug|x64
		Debug|x86 = Debug|x86
		Release|Any CPU = Release|Any CPU
		Release|x64 = Release|x64
		Release|x86 = Release|x86
	EndGlobalSection
	GlobalSection(ProjectConfigurationPlatforms) = postSolution
		{A91CE61C-DD70-4B10-8AC9-8C76872B5C76}.Debug|Any CPU.ActiveCfg = Debug|Any CPU
		{A91CE61C-DD70-4B10-8AC9-8C76872B5C76}.Debug|Any CPU.Build.0 = Debug|Any CPU
		{A91CE61C-DD70-4B10-8AC9-8C76872B5C76}.Debug|x64.ActiveCfg = Debug|Any CPU
		{A91CE61C-DD70-4B10-8AC9-8C76872B5C76}.Debug|x64.Build.0 = Debug|Any CPU
		{A91CE61C-DD70-4B10-8AC9-8C76872B5C76}.Debug|x86.ActiveCfg = Debug|Any CPU
		{A91CE61C-DD70-4B10-8AC9-8C76872B5C76}.Debug|x86.Build.0 = Debug|Any CPU
		{A91CE61C-DD70-4B10-8AC9-8C76872B5C76}.Release|Any CPU.ActiveCfg = Release|Any CPU
		{A91CE61C-DD70-4B10-8AC9-8C76872B5C76}.Release|Any CPU.Build.0 = Release|Any CPU
		{A91CE61C-DD70-4B10-8AC9-8C76872B5C76}.Release|x64.ActiveCfg = Release|Any CPU
		{A91CE61C-DD70-4B10-8AC9-8C76872B5C76}.Release|x64.Build.0 = Release|Any CPU
		{A91CE61C-DD70-4B10-8AC9-8C76872B5C76}.Release|x86.ActiveCfg = Release|Any CPU
		{A91CE61C-DD70-4B10-8AC9-8C76872B5C76}.Release|x86.Build.0 = Release|Any CPU
		{45C7B31B-16DE-4F0F-8863-78E78058237E}.Debug|Any CPU.ActiveCfg = Debug|Any CPU
		{45C7B31B-16DE-4F0F-8863-78E78058237E}.Debug|Any CPU.Build.0 = Debug|Any CPU
		{45C7B31B-16DE-4F0F-8863-78E78058237E}.Debug|x64.ActiveCfg = Debug|Any CPU
		{45C7B31B-16DE-4F0F-8863-78E78058237E}.Debug|x64.Build.0 = Debug|Any CPU
		{45C7B31B-16DE-4F0F-8863-78E78058237E}.Debug|x86.ActiveCfg = Debug|Any CPU
		{45C7B31B-16DE-4F0F-8863-78E78058237E}.Debug|x86.Build.0 = Debug|Any CPU
		{45C7B31B-16DE-4F0F-8863-78E78058237E}.Release|Any CPU.ActiveCfg = Release|Any CPU
		{45C7B31B-16DE-4F0F-8863-78E78058237E}.Release|Any CPU.Build.0 = Release|Any CPU
		{45C7B31B-16DE-4F0F-8863-78E78058237E}.Release|x64.ActiveCfg = Release|Any CPU
		{45C7B31B-16DE-4F0F-8863-78E78058237E}.Release|x64.Build.0 = Release|Any CPU
		{45C7B31B-16DE-4F0F-8863-78E78058237E}.Release|x86.ActiveCfg = Release|Any CPU
		{45C7B31B-16DE-4F0F-8863-78E78058237E}.Release|x86.Build.0 = Release|Any CPU
		{E10BF358-FFA7-4D5B-B92E-7D9C6937032A}.Debug|Any CPU.ActiveCfg = Debug|Any CPU
		{E10BF358-FFA7-4D5B-B92E-7D9C6937032A}.Debug|Any CPU.Build.0 = Debug|Any CPU
		{E10BF358-FFA7-4D5B-B92E-7D9C6937032A}.Debug|x64.ActiveCfg = Debug|Any CPU
		{E10BF358-FFA7-4D5B-B92E-7D9C6937032A}.Debug|x64.Build.0 = Debug|Any CPU
		{E10BF358-FFA7-4D5B-B92E-7D9C6937032A}.Debug|x86.ActiveCfg = Debug|Any CPU
		{E10BF358-FFA7-4D5B-B92E-7D9C6937032A}.Debug|x86.Build.0 = Debug|Any CPU
		{E10BF358-FFA7-4D5B-B92E-7D9C6937032A}.Release|Any CPU.ActiveCfg = Release|Any CPU
		{E10BF358-FFA7-4D5B-B92E-7D9C6937032A}.Release|Any CPU.Build.0 = Release|Any CPU
		{E10BF358-FFA7-4D5B-B92E-7D9C6937032A}.Release|x64.ActiveCfg = Release|Any CPU
		{E10BF358-FFA7-4D5B-B92E-7D9C6937032A}.Release|x64.Build.0 = Release|Any CPU
		{E10BF358-FFA7-4D5B-B92E-7D9C6937032A}.Release|x86.ActiveCfg = Release|Any CPU
		{E10BF358-FFA7-4D5B-B92E-7D9C6937032A}.Release|x86.Build.0 = Release|Any CPU
		{37729339-1DC6-48B8-B901-0A99F25F7634}.Debug|Any CPU.ActiveCfg = Debug|Any CPU
		{37729339-1DC6-48B8-B901-0A99F25F7634}.Debug|Any CPU.Build.0 = Debug|Any CPU
		{37729339-1DC6-48B8-B901-0A99F25F7634}.Debug|x64.ActiveCfg = Debug|Any CPU
		{37729339-1DC6-48B8-B901-0A99F25F7634}.Debug|x64.Build.0 = Debug|Any CPU
		{37729339-1DC6-48B8-B901-0A99F25F7634}.Debug|x86.ActiveCfg = Debug|Any CPU
		{37729339-1DC6-48B8-B901-0A99F25F7634}.Debug|x86.Build.0 = Debug|Any CPU
		{37729339-1DC6-48B8-B901-0A99F25F7634}.Release|Any CPU.ActiveCfg = Release|Any CPU
		{37729339-1DC6-48B8-B901-0A99F25F7634}.Release|Any CPU.Build.0 = Release|Any CPU
		{37729339-1DC6-48B8-B901-0A99F25F7634}.Release|x64.ActiveCfg = Release|Any CPU
		{37729339-1DC6-48B8-B901-0A99F25F7634}.Release|x64.Build.0 = Release|Any CPU
		{37729339-1DC6-48B8-B901-0A99F25F7634}.Release|x86.ActiveCfg = Release|Any CPU
		{37729339-1DC6-48B8-B901-0A99F25F7634}.Release|x86.Build.0 = Release|Any CPU
	EndGlobalSection
	GlobalSection(SolutionProperties) = preSolution
		HideSolutionNode = FALSE
	EndGlobalSection
	GlobalSection(NestedProjects) = preSolution
		{8B290487-4C16-E85E-E807-F579CBE9FC4D} = {827E0CD3-B72D-47B6-A68D-7590B98EB39B}
		{A91CE61C-DD70-4B10-8AC9-8C76872B5C76} = {8B290487-4C16-E85E-E807-F579CBE9FC4D}
		{22BAF98C-8415-17C4-B26A-D537657BC863} = {827E0CD3-B72D-47B6-A68D-7590B98EB39B}
		{45C7B31B-16DE-4F0F-8863-78E78058237E} = {22BAF98C-8415-17C4-B26A-D537657BC863}
		{9048EB7F-3875-A59E-E36B-5BD4C6F2A282} = {827E0CD3-B72D-47B6-A68D-7590B98EB39B}
		{E10BF358-FFA7-4D5B-B92E-7D9C6937032A} = {9048EB7F-3875-A59E-E36B-5BD4C6F2A282}
		{81034408-37C8-1011-444E-4C15C2FADA8E} = {827E0CD3-B72D-47B6-A68D-7590B98EB39B}
		{37729339-1DC6-48B8-B901-0A99F25F7634} = {81034408-37C8-1011-444E-4C15C2FADA8E}
	EndGlobalSection
EndGlobal
