
Microsoft Visual Studio Solution File, Format Version 12.00
# Visual Studio Version 17
VisualStudioVersion = 17.0.31903.59
MinimumVisualStudioVersion = 10.0.40219.1
Project("{2150E333-8FDC-42A3-9474-1A3956D46DE8}") = "src", "src", "{827E0CD3-B72D-47B6-A68D-7590B98EB39B}"
EndProject
Project("{2150E333-8FDC-42A3-9474-1A3956D46DE8}") = "Domain", "Domain", "{8B290487-4C16-E85E-E807-F579CBE9FC4D}"
EndProject
Project("{FAE04EC0-301F-11D3-BF4B-00C04F79EFBC}") = "Vendo.TenantManagement.Domain", "src\Domain\Vendo.TenantManagement.Domain.csproj", "{23861C76-7427-4967-9956-10A52FB168F2}"
EndProject
Project("{2150E333-8FDC-42A3-9474-1A3956D46DE8}") = "Application", "Application", "{22BAF98C-8415-17C4-B26A-D537657BC863}"
EndProject
Project("{FAE04EC0-301F-11D3-BF4B-00C04F79EFBC}") = "Vendo.TenantManagement.Application", "src\Application\Vendo.TenantManagement.Application.csproj", "{6BFFC39C-A00A-4BC2-9E31-8297B10765CF}"
EndProject
Project("{2150E333-8FDC-42A3-9474-1A3956D46DE8}") = "Infrastructure", "Infrastructure", "{9048EB7F-3875-A59E-E36B-5BD4C6F2A282}"
EndProject
Project("{FAE04EC0-301F-11D3-BF4B-00C04F79EFBC}") = "Vendo.TenantManagement.Infrastructure", "src\Infrastructure\Vendo.TenantManagement.Infrastructure.csproj", "{A7AC0DB6-F57A-42D6-B829-963D36E4D600}"
EndProject
Project("{2150E333-8FDC-42A3-9474-1A3956D46DE8}") = "Api", "Api", "{81034408-37C8-1011-444E-4C15C2FADA8E}"
EndProject
Project("{FAE04EC0-301F-11D3-BF4B-00C04F79EFBC}") = "Vendo.TenantManagement.Api", "src\Api\Vendo.TenantManagement.Api.csproj", "{647B243B-93C4-4749-89CF-65C5BC7B7EE7}"
EndProject
Global
	GlobalSection(SolutionConfigurationPlatforms) = preSolution
		Debug|Any CPU = Debug|Any CPU
		Debug|x64 = Debug|x64
		Debug|x86 = Debug|x86
		Release|Any CPU = Release|Any CPU
		Release|x64 = Release|x64
		Release|x86 = Release|x86
	EndGlobalSection
	GlobalSection(ProjectConfigurationPlatforms) = postSolution
		{23861C76-7427-4967-9956-10A52FB168F2}.Debug|Any CPU.ActiveCfg = Debug|Any CPU
		{23861C76-7427-4967-9956-10A52FB168F2}.Debug|Any CPU.Build.0 = Debug|Any CPU
		{23861C76-7427-4967-9956-10A52FB168F2}.Debug|x64.ActiveCfg = Debug|Any CPU
		{23861C76-7427-4967-9956-10A52FB168F2}.Debug|x64.Build.0 = Debug|Any CPU
		{23861C76-7427-4967-9956-10A52FB168F2}.Debug|x86.ActiveCfg = Debug|Any CPU
		{23861C76-7427-4967-9956-10A52FB168F2}.Debug|x86.Build.0 = Debug|Any CPU
		{23861C76-7427-4967-9956-10A52FB168F2}.Release|Any CPU.ActiveCfg = Release|Any CPU
		{23861C76-7427-4967-9956-10A52FB168F2}.Release|Any CPU.Build.0 = Release|Any CPU
		{23861C76-7427-4967-9956-10A52FB168F2}.Release|x64.ActiveCfg = Release|Any CPU
		{23861C76-7427-4967-9956-10A52FB168F2}.Release|x64.Build.0 = Release|Any CPU
		{23861C76-7427-4967-9956-10A52FB168F2}.Release|x86.ActiveCfg = Release|Any CPU
		{23861C76-7427-4967-9956-10A52FB168F2}.Release|x86.Build.0 = Release|Any CPU
		{6BFFC39C-A00A-4BC2-9E31-8297B10765CF}.Debug|Any CPU.ActiveCfg = Debug|Any CPU
		{6BFFC39C-A00A-4BC2-9E31-8297B10765CF}.Debug|Any CPU.Build.0 = Debug|Any CPU
		{6BFFC39C-A00A-4BC2-9E31-8297B10765CF}.Debug|x64.ActiveCfg = Debug|Any CPU
		{6BFFC39C-A00A-4BC2-9E31-8297B10765CF}.Debug|x64.Build.0 = Debug|Any CPU
		{6BFFC39C-A00A-4BC2-9E31-8297B10765CF}.Debug|x86.ActiveCfg = Debug|Any CPU
		{6BFFC39C-A00A-4BC2-9E31-8297B10765CF}.Debug|x86.Build.0 = Debug|Any CPU
		{6BFFC39C-A00A-4BC2-9E31-8297B10765CF}.Release|Any CPU.ActiveCfg = Release|Any CPU
		{6BFFC39C-A00A-4BC2-9E31-8297B10765CF}.Release|Any CPU.Build.0 = Release|Any CPU
		{6BFFC39C-A00A-4BC2-9E31-8297B10765CF}.Release|x64.ActiveCfg = Release|Any CPU
		{6BFFC39C-A00A-4BC2-9E31-8297B10765CF}.Release|x64.Build.0 = Release|Any CPU
		{6BFFC39C-A00A-4BC2-9E31-8297B10765CF}.Release|x86.ActiveCfg = Release|Any CPU
		{6BFFC39C-A00A-4BC2-9E31-8297B10765CF}.Release|x86.Build.0 = Release|Any CPU
		{A7AC0DB6-F57A-42D6-B829-963D36E4D600}.Debug|Any CPU.ActiveCfg = Debug|Any CPU
		{A7AC0DB6-F57A-42D6-B829-963D36E4D600}.Debug|Any CPU.Build.0 = Debug|Any CPU
		{A7AC0DB6-F57A-42D6-B829-963D36E4D600}.Debug|x64.ActiveCfg = Debug|Any CPU
		{A7AC0DB6-F57A-42D6-B829-963D36E4D600}.Debug|x64.Build.0 = Debug|Any CPU
		{A7AC0DB6-F57A-42D6-B829-963D36E4D600}.Debug|x86.ActiveCfg = Debug|Any CPU
		{A7AC0DB6-F57A-42D6-B829-963D36E4D600}.Debug|x86.Build.0 = Debug|Any CPU
		{A7AC0DB6-F57A-42D6-B829-963D36E4D600}.Release|Any CPU.ActiveCfg = Release|Any CPU
		{A7AC0DB6-F57A-42D6-B829-963D36E4D600}.Release|Any CPU.Build.0 = Release|Any CPU
		{A7AC0DB6-F57A-42D6-B829-963D36E4D600}.Release|x64.ActiveCfg = Release|Any CPU
		{A7AC0DB6-F57A-42D6-B829-963D36E4D600}.Release|x64.Build.0 = Release|Any CPU
		{A7AC0DB6-F57A-42D6-B829-963D36E4D600}.Release|x86.ActiveCfg = Release|Any CPU
		{A7AC0DB6-F57A-42D6-B829-963D36E4D600}.Release|x86.Build.0 = Release|Any CPU
		{647B243B-93C4-4749-89CF-65C5BC7B7EE7}.Debug|Any CPU.ActiveCfg = Debug|Any CPU
		{647B243B-93C4-4749-89CF-65C5BC7B7EE7}.Debug|Any CPU.Build.0 = Debug|Any CPU
		{647B243B-93C4-4749-89CF-65C5BC7B7EE7}.Debug|x64.ActiveCfg = Debug|Any CPU
		{647B243B-93C4-4749-89CF-65C5BC7B7EE7}.Debug|x64.Build.0 = Debug|Any CPU
		{647B243B-93C4-4749-89CF-65C5BC7B7EE7}.Debug|x86.ActiveCfg = Debug|Any CPU
		{647B243B-93C4-4749-89CF-65C5BC7B7EE7}.Debug|x86.Build.0 = Debug|Any CPU
		{647B243B-93C4-4749-89CF-65C5BC7B7EE7}.Release|Any CPU.ActiveCfg = Release|Any CPU
		{647B243B-93C4-4749-89CF-65C5BC7B7EE7}.Release|Any CPU.Build.0 = Release|Any CPU
		{647B243B-93C4-4749-89CF-65C5BC7B7EE7}.Release|x64.ActiveCfg = Release|Any CPU
		{647B243B-93C4-4749-89CF-65C5BC7B7EE7}.Release|x64.Build.0 = Release|Any CPU
		{647B243B-93C4-4749-89CF-65C5BC7B7EE7}.Release|x86.ActiveCfg = Release|Any CPU
		{647B243B-93C4-4749-89CF-65C5BC7B7EE7}.Release|x86.Build.0 = Release|Any CPU
	EndGlobalSection
	GlobalSection(SolutionProperties) = preSolution
		HideSolutionNode = FALSE
	EndGlobalSection
	GlobalSection(NestedProjects) = preSolution
		{8B290487-4C16-E85E-E807-F579CBE9FC4D} = {827E0CD3-B72D-47B6-A68D-7590B98EB39B}
		{23861C76-7427-4967-9956-10A52FB168F2} = {8B290487-4C16-E85E-E807-F579CBE9FC4D}
		{22BAF98C-8415-17C4-B26A-D537657BC863} = {827E0CD3-B72D-47B6-A68D-7590B98EB39B}
		{6BFFC39C-A00A-4BC2-9E31-8297B10765CF} = {22BAF98C-8415-17C4-B26A-D537657BC863}
		{9048EB7F-3875-A59E-E36B-5BD4C6F2A282} = {827E0CD3-B72D-47B6-A68D-7590B98EB39B}
		{A7AC0DB6-F57A-42D6-B829-963D36E4D600} = {9048EB7F-3875-A59E-E36B-5BD4C6F2A282}
		{81034408-37C8-1011-444E-4C15C2FADA8E} = {827E0CD3-B72D-47B6-A68D-7590B98EB39B}
		{647B243B-93C4-4749-89CF-65C5BC7B7EE7} = {81034408-37C8-1011-444E-4C15C2FADA8E}
	EndGlobalSection
EndGlobal
