
Microsoft Visual Studio Solution File, Format Version 12.00
# Visual Studio Version 17
VisualStudioVersion = 17.0.31903.59
MinimumVisualStudioVersion = 10.0.40219.1
Project("{2150E333-8FDC-42A3-9474-1A3956D46DE8}") = "src", "src", "{827E0CD3-B72D-47B6-A68D-7590B98EB39B}"
EndProject
Project("{2150E333-8FDC-42A3-9474-1A3956D46DE8}") = "Domain", "Domain", "{8B290487-4C16-E85E-E807-F579CBE9FC4D}"
EndProject
Project("{FAE04EC0-301F-11D3-BF4B-00C04F79EFBC}") = "Vendo.Payment.Domain", "src\Domain\Vendo.Payment.Domain.csproj", "{59F26D42-42D2-44C6-864B-C11DB1BA29D5}"
EndProject
Project("{2150E333-8FDC-42A3-9474-1A3956D46DE8}") = "Application", "Application", "{22BAF98C-8415-17C4-B26A-D537657BC863}"
EndProject
Project("{FAE04EC0-301F-11D3-BF4B-00C04F79EFBC}") = "Vendo.Payment.Application", "src\Application\Vendo.Payment.Application.csproj", "{0BE2BC01-2918-4BEB-95FE-6A2DE4F00886}"
EndProject
Project("{2150E333-8FDC-42A3-9474-1A3956D46DE8}") = "Infrastructure", "Infrastructure", "{9048EB7F-3875-A59E-E36B-5BD4C6F2A282}"
EndProject
Project("{FAE04EC0-301F-11D3-BF4B-00C04F79EFBC}") = "Vendo.Payment.Infrastructure", "src\Infrastructure\Vendo.Payment.Infrastructure.csproj", "{73CA29EC-6EA6-48E9-BAE6-5D6C7FA2CAA7}"
EndProject
Project("{2150E333-8FDC-42A3-9474-1A3956D46DE8}") = "Api", "Api", "{81034408-37C8-1011-444E-4C15C2FADA8E}"
EndProject
Project("{FAE04EC0-301F-11D3-BF4B-00C04F79EFBC}") = "Vendo.Payment.Api", "src\Api\Vendo.Payment.Api.csproj", "{3DA5F576-B28D-4E29-BA19-BFE8733F0B2A}"
EndProject
Global
	GlobalSection(SolutionConfigurationPlatforms) = preSolution
		Debug|Any CPU = Debug|Any CPU
		Debug|x64 = Debug|x64
		Debug|x86 = Debug|x86
		Release|Any CPU = Release|Any CPU
		Release|x64 = Release|x64
		Release|x86 = Release|x86
	EndGlobalSection
	GlobalSection(ProjectConfigurationPlatforms) = postSolution
		{59F26D42-42D2-44C6-864B-C11DB1BA29D5}.Debug|Any CPU.ActiveCfg = Debug|Any CPU
		{59F26D42-42D2-44C6-864B-C11DB1BA29D5}.Debug|Any CPU.Build.0 = Debug|Any CPU
		{59F26D42-42D2-44C6-864B-C11DB1BA29D5}.Debug|x64.ActiveCfg = Debug|Any CPU
		{59F26D42-42D2-44C6-864B-C11DB1BA29D5}.Debug|x64.Build.0 = Debug|Any CPU
		{59F26D42-42D2-44C6-864B-C11DB1BA29D5}.Debug|x86.ActiveCfg = Debug|Any CPU
		{59F26D42-42D2-44C6-864B-C11DB1BA29D5}.Debug|x86.Build.0 = Debug|Any CPU
		{59F26D42-42D2-44C6-864B-C11DB1BA29D5}.Release|Any CPU.ActiveCfg = Release|Any CPU
		{59F26D42-42D2-44C6-864B-C11DB1BA29D5}.Release|Any CPU.Build.0 = Release|Any CPU
		{59F26D42-42D2-44C6-864B-C11DB1BA29D5}.Release|x64.ActiveCfg = Release|Any CPU
		{59F26D42-42D2-44C6-864B-C11DB1BA29D5}.Release|x64.Build.0 = Release|Any CPU
		{59F26D42-42D2-44C6-864B-C11DB1BA29D5}.Release|x86.ActiveCfg = Release|Any CPU
		{59F26D42-42D2-44C6-864B-C11DB1BA29D5}.Release|x86.Build.0 = Release|Any CPU
		{0BE2BC01-2918-4BEB-95FE-6A2DE4F00886}.Debug|Any CPU.ActiveCfg = Debug|Any CPU
		{0BE2BC01-2918-4BEB-95FE-6A2DE4F00886}.Debug|Any CPU.Build.0 = Debug|Any CPU
		{0BE2BC01-2918-4BEB-95FE-6A2DE4F00886}.Debug|x64.ActiveCfg = Debug|Any CPU
		{0BE2BC01-2918-4BEB-95FE-6A2DE4F00886}.Debug|x64.Build.0 = Debug|Any CPU
		{0BE2BC01-2918-4BEB-95FE-6A2DE4F00886}.Debug|x86.ActiveCfg = Debug|Any CPU
		{0BE2BC01-2918-4BEB-95FE-6A2DE4F00886}.Debug|x86.Build.0 = Debug|Any CPU
		{0BE2BC01-2918-4BEB-95FE-6A2DE4F00886}.Release|Any CPU.ActiveCfg = Release|Any CPU
		{0BE2BC01-2918-4BEB-95FE-6A2DE4F00886}.Release|Any CPU.Build.0 = Release|Any CPU
		{0BE2BC01-2918-4BEB-95FE-6A2DE4F00886}.Release|x64.ActiveCfg = Release|Any CPU
		{0BE2BC01-2918-4BEB-95FE-6A2DE4F00886}.Release|x64.Build.0 = Release|Any CPU
		{0BE2BC01-2918-4BEB-95FE-6A2DE4F00886}.Release|x86.ActiveCfg = Release|Any CPU
		{0BE2BC01-2918-4BEB-95FE-6A2DE4F00886}.Release|x86.Build.0 = Release|Any CPU
		{73CA29EC-6EA6-48E9-BAE6-5D6C7FA2CAA7}.Debug|Any CPU.ActiveCfg = Debug|Any CPU
		{73CA29EC-6EA6-48E9-BAE6-5D6C7FA2CAA7}.Debug|Any CPU.Build.0 = Debug|Any CPU
		{73CA29EC-6EA6-48E9-BAE6-5D6C7FA2CAA7}.Debug|x64.ActiveCfg = Debug|Any CPU
		{73CA29EC-6EA6-48E9-BAE6-5D6C7FA2CAA7}.Debug|x64.Build.0 = Debug|Any CPU
		{73CA29EC-6EA6-48E9-BAE6-5D6C7FA2CAA7}.Debug|x86.ActiveCfg = Debug|Any CPU
		{73CA29EC-6EA6-48E9-BAE6-5D6C7FA2CAA7}.Debug|x86.Build.0 = Debug|Any CPU
		{73CA29EC-6EA6-48E9-BAE6-5D6C7FA2CAA7}.Release|Any CPU.ActiveCfg = Release|Any CPU
		{73CA29EC-6EA6-48E9-BAE6-5D6C7FA2CAA7}.Release|Any CPU.Build.0 = Release|Any CPU
		{73CA29EC-6EA6-48E9-BAE6-5D6C7FA2CAA7}.Release|x64.ActiveCfg = Release|Any CPU
		{73CA29EC-6EA6-48E9-BAE6-5D6C7FA2CAA7}.Release|x64.Build.0 = Release|Any CPU
		{73CA29EC-6EA6-48E9-BAE6-5D6C7FA2CAA7}.Release|x86.ActiveCfg = Release|Any CPU
		{73CA29EC-6EA6-48E9-BAE6-5D6C7FA2CAA7}.Release|x86.Build.0 = Release|Any CPU
		{3DA5F576-B28D-4E29-BA19-BFE8733F0B2A}.Debug|Any CPU.ActiveCfg = Debug|Any CPU
		{3DA5F576-B28D-4E29-BA19-BFE8733F0B2A}.Debug|Any CPU.Build.0 = Debug|Any CPU
		{3DA5F576-B28D-4E29-BA19-BFE8733F0B2A}.Debug|x64.ActiveCfg = Debug|Any CPU
		{3DA5F576-B28D-4E29-BA19-BFE8733F0B2A}.Debug|x64.Build.0 = Debug|Any CPU
		{3DA5F576-B28D-4E29-BA19-BFE8733F0B2A}.Debug|x86.ActiveCfg = Debug|Any CPU
		{3DA5F576-B28D-4E29-BA19-BFE8733F0B2A}.Debug|x86.Build.0 = Debug|Any CPU
		{3DA5F576-B28D-4E29-BA19-BFE8733F0B2A}.Release|Any CPU.ActiveCfg = Release|Any CPU
		{3DA5F576-B28D-4E29-BA19-BFE8733F0B2A}.Release|Any CPU.Build.0 = Release|Any CPU
		{3DA5F576-B28D-4E29-BA19-BFE8733F0B2A}.Release|x64.ActiveCfg = Release|Any CPU
		{3DA5F576-B28D-4E29-BA19-BFE8733F0B2A}.Release|x64.Build.0 = Release|Any CPU
		{3DA5F576-B28D-4E29-BA19-BFE8733F0B2A}.Release|x86.ActiveCfg = Release|Any CPU
		{3DA5F576-B28D-4E29-BA19-BFE8733F0B2A}.Release|x86.Build.0 = Release|Any CPU
	EndGlobalSection
	GlobalSection(SolutionProperties) = preSolution
		HideSolutionNode = FALSE
	EndGlobalSection
	GlobalSection(NestedProjects) = preSolution
		{8B290487-4C16-E85E-E807-F579CBE9FC4D} = {827E0CD3-B72D-47B6-A68D-7590B98EB39B}
		{59F26D42-42D2-44C6-864B-C11DB1BA29D5} = {8B290487-4C16-E85E-E807-F579CBE9FC4D}
		{22BAF98C-8415-17C4-B26A-D537657BC863} = {827E0CD3-B72D-47B6-A68D-7590B98EB39B}
		{0BE2BC01-2918-4BEB-95FE-6A2DE4F00886} = {22BAF98C-8415-17C4-B26A-D537657BC863}
		{9048EB7F-3875-A59E-E36B-5BD4C6F2A282} = {827E0CD3-B72D-47B6-A68D-7590B98EB39B}
		{73CA29EC-6EA6-48E9-BAE6-5D6C7FA2CAA7} = {9048EB7F-3875-A59E-E36B-5BD4C6F2A282}
		{81034408-37C8-1011-444E-4C15C2FADA8E} = {827E0CD3-B72D-47B6-A68D-7590B98EB39B}
		{3DA5F576-B28D-4E29-BA19-BFE8733F0B2A} = {81034408-37C8-1011-444E-4C15C2FADA8E}
	EndGlobalSection
EndGlobal
